// !$*UTF8*$!
{
	archiveVersion = 1;
	classes = {
	};
	objectVersion = 50;
	objects = {

/* Begin PBXBuildFile section */
		0736E125209C4F92002D8C4D /* AppDelegate.swift in Sources */ = {isa = PBXBuildFile; fileRef = 0736E124209C4F92002D8C4D /* AppDelegate.swift */; };
		0736E127209C4F92002D8C4D /* ViewController.swift in Sources */ = {isa = PBXBuildFile; fileRef = 0736E126209C4F92002D8C4D /* ViewController.swift */; };
		0736E12A209C4F92002D8C4D /* Main.storyboard in Resources */ = {isa = PBXBuildFile; fileRef = 0736E128209C4F92002D8C4D /* Main.storyboard */; };
		0736E12C209C4F94002D8C4D /* Assets.xcassets in Resources */ = {isa = PBXBuildFile; fileRef = 0736E12B209C4F94002D8C4D /* Assets.xcassets */; };
		0736E12F209C4F94002D8C4D /* LaunchScreen.storyboard in Resources */ = {isa = PBXBuildFile; fileRef = 0736E12D209C4F94002D8C4D /* LaunchScreen.storyboard */; };
		0736E13D209C5D0E002D8C4D /* ActionViewController.swift in Sources */ = {isa = PBXBuildFile; fileRef = 0736E13C209C5D0E002D8C4D /* ActionViewController.swift */; };
		0736E140209C5D0E002D8C4D /* MainInterface.storyboard in Resources */ = {isa = PBXBuildFile; fileRef = 0736E13E209C5D0E002D8C4D /* MainInterface.storyboard */; };
		0736E144209C5D0E002D8C4D /* pay.appex in Embed App Extensions */ = {isa = PBXBuildFile; fileRef = 0736E13A209C5D0E002D8C4D /* pay.appex */; settings = {ATTRIBUTES = (RemoveHeadersOnCopy, ); }; };
		DDE93F6727AC8BC43BA8A5C2 /* Pods_crypto_wallet.framework in Frameworks */ = {isa = PBXBuildFile; fileRef = 610DF25A4847D9005EF21566 /* Pods_crypto_wallet.framework */; };
/* End PBXBuildFile section */

/* Begin PBXContainerItemProxy section */
		0736E142209C5D0E002D8C4D /* PBXContainerItemProxy */ = {
			isa = PBXContainerItemProxy;
			containerPortal = 0736E119209C4F92002D8C4D /* Project object */;
			proxyType = 1;
			remoteGlobalIDString = 0736E139209C5D0E002D8C4D;
			remoteInfo = pay;
		};
/* End PBXContainerItemProxy section */

/* Begin PBXCopyFilesBuildPhase section */
		0736E148209C5D0E002D8C4D /* Embed App Extensions */ = {
			isa = PBXCopyFilesBuildPhase;
			buildActionMask = 2147483647;
			dstPath = "";
			dstSubfolderSpec = 13;
			files = (
				0736E144209C5D0E002D8C4D /* pay.appex in Embed App Extensions */,
			);
			name = "Embed App Extensions";
			runOnlyForDeploymentPostprocessing = 0;
		};
/* End PBXCopyFilesBuildPhase section */

/* Begin PBXFileReference section */
		0736E121209C4F92002D8C4D /* crypto-wallet.app */ = {isa = PBXFileReference; explicitFileType = wrapper.application; includeInIndex = 0; path = "crypto-wallet.app"; sourceTree = BUILT_PRODUCTS_DIR; };
		0736E124209C4F92002D8C4D /* AppDelegate.swift */ = {isa = PBXFileReference; lastKnownFileType = sourcecode.swift; path = AppDelegate.swift; sourceTree = "<group>"; };
		0736E126209C4F92002D8C4D /* ViewController.swift */ = {isa = PBXFileReference; lastKnownFileType = sourcecode.swift; path = ViewController.swift; sourceTree = "<group>"; };
		0736E129209C4F92002D8C4D /* Base */ = {isa = PBXFileReference; lastKnownFileType = file.storyboard; name = Base; path = Base.lproj/Main.storyboard; sourceTree = "<group>"; };
		0736E12B209C4F94002D8C4D /* Assets.xcassets */ = {isa = PBXFileReference; lastKnownFileType = folder.assetcatalog; path = Assets.xcassets; sourceTree = "<group>"; };
		0736E12E209C4F94002D8C4D /* Base */ = {isa = PBXFileReference; lastKnownFileType = file.storyboard; name = Base; path = Base.lproj/LaunchScreen.storyboard; sourceTree = "<group>"; };
		0736E130209C4F94002D8C4D /* Info.plist */ = {isa = PBXFileReference; lastKnownFileType = text.plist.xml; path = Info.plist; sourceTree = "<group>"; };
		0736E13A209C5D0E002D8C4D /* pay.appex */ = {isa = PBXFileReference; explicitFileType = "wrapper.app-extension"; includeInIndex = 0; path = pay.appex; sourceTree = BUILT_PRODUCTS_DIR; };
		0736E13C209C5D0E002D8C4D /* ActionViewController.swift */ = {isa = PBXFileReference; lastKnownFileType = sourcecode.swift; path = ActionViewController.swift; sourceTree = "<group>"; };
		0736E13F209C5D0E002D8C4D /* Base */ = {isa = PBXFileReference; lastKnownFileType = file.storyboard; name = Base; path = Base.lproj/MainInterface.storyboard; sourceTree = "<group>"; };
		0736E141209C5D0E002D8C4D /* Info.plist */ = {isa = PBXFileReference; lastKnownFileType = text.plist.xml; path = Info.plist; sourceTree = "<group>"; };
		0F2A94815322AABA9558EDE3 /* Pods-crypto-wallet.release.xcconfig */ = {isa = PBXFileReference; includeInIndex = 1; lastKnownFileType = text.xcconfig; name = "Pods-crypto-wallet.release.xcconfig"; path = "Pods/Target Support Files/Pods-crypto-wallet/Pods-crypto-wallet.release.xcconfig"; sourceTree = "<group>"; };
		610DF25A4847D9005EF21566 /* Pods_crypto_wallet.framework */ = {isa = PBXFileReference; explicitFileType = wrapper.framework; includeInIndex = 0; path = Pods_crypto_wallet.framework; sourceTree = BUILT_PRODUCTS_DIR; };
		B903EFBD8998E1B5F73C75B8 /* Pods-crypto-wallet.debug.xcconfig */ = {isa = PBXFileReference; includeInIndex = 1; lastKnownFileType = text.xcconfig; name = "Pods-crypto-wallet.debug.xcconfig"; path = "Pods/Target Support Files/Pods-crypto-wallet/Pods-crypto-wallet.debug.xcconfig"; sourceTree = "<group>"; };
/* End PBXFileReference section */

/* Begin PBXFrameworksBuildPhase section */
		0736E11E209C4F92002D8C4D /* Frameworks */ = {
			isa = PBXFrameworksBuildPhase;
			buildActionMask = 2147483647;
			files = (
				DDE93F6727AC8BC43BA8A5C2 /* Pods_crypto_wallet.framework in Frameworks */,
			);
			runOnlyForDeploymentPostprocessing = 0;
		};
		0736E137209C5D0E002D8C4D /* Frameworks */ = {
			isa = PBXFrameworksBuildPhase;
			buildActionMask = 2147483647;
			files = (
			);
			runOnlyForDeploymentPostprocessing = 0;
		};
/* End PBXFrameworksBuildPhase section */

/* Begin PBXGroup section */
		0736E118209C4F92002D8C4D = {
			isa = PBXGroup;
			children = (
				0736E123209C4F92002D8C4D /* crypto-wallet */,
				0736E13B209C5D0E002D8C4D /* pay */,
				0736E122209C4F92002D8C4D /* Products */,
				8D8C7BB0D330228CF50768B4 /* Pods */,
				0D71E2EE7E6A9BD82E10AD53 /* Frameworks */,
			);
			sourceTree = "<group>";
		};
		0736E122209C4F92002D8C4D /* Products */ = {
			isa = PBXGroup;
			children = (
				0736E121209C4F92002D8C4D /* crypto-wallet.app */,
				0736E13A209C5D0E002D8C4D /* pay.appex */,
			);
			name = Products;
			sourceTree = "<group>";
		};
		0736E123209C4F92002D8C4D /* crypto-wallet */ = {
			isa = PBXGroup;
			children = (
				0736E124209C4F92002D8C4D /* AppDelegate.swift */,
				0736E126209C4F92002D8C4D /* ViewController.swift */,
				0736E128209C4F92002D8C4D /* Main.storyboard */,
				0736E12B209C4F94002D8C4D /* Assets.xcassets */,
				0736E12D209C4F94002D8C4D /* LaunchScreen.storyboard */,
				0736E130209C4F94002D8C4D /* Info.plist */,
			);
			path = "crypto-wallet";
			sourceTree = "<group>";
		};
		0736E13B209C5D0E002D8C4D /* pay */ = {
			isa = PBXGroup;
			children = (
				0736E13C209C5D0E002D8C4D /* ActionViewController.swift */,
				0736E13E209C5D0E002D8C4D /* MainInterface.storyboard */,
				0736E141209C5D0E002D8C4D /* Info.plist */,
			);
			path = pay;
			sourceTree = "<group>";
		};
		0D71E2EE7E6A9BD82E10AD53 /* Frameworks */ = {
			isa = PBXGroup;
			children = (
				610DF25A4847D9005EF21566 /* Pods_crypto_wallet.framework */,
			);
			name = Frameworks;
			sourceTree = "<group>";
		};
		8D8C7BB0D330228CF50768B4 /* Pods */ = {
			isa = PBXGroup;
			children = (
				B903EFBD8998E1B5F73C75B8 /* Pods-crypto-wallet.debug.xcconfig */,
				0F2A94815322AABA9558EDE3 /* Pods-crypto-wallet.release.xcconfig */,
			);
			name = Pods;
			sourceTree = "<group>";
		};
/* End PBXGroup section */

/* Begin PBXNativeTarget section */
		0736E120209C4F92002D8C4D /* crypto-wallet */ = {
			isa = PBXNativeTarget;
			buildConfigurationList = 0736E133209C4F94002D8C4D /* Build configuration list for PBXNativeTarget "crypto-wallet" */;
			buildPhases = (
				92552D2C15B4CC226B59B0B1 /* [CP] Check Pods Manifest.lock */,
				0736E11D209C4F92002D8C4D /* Sources */,
				0736E11E209C4F92002D8C4D /* Frameworks */,
				0736E11F209C4F92002D8C4D /* Resources */,
				0736E148209C5D0E002D8C4D /* Embed App Extensions */,
			);
			buildRules = (
			);
			dependencies = (
				0736E143209C5D0E002D8C4D /* PBXTargetDependency */,
			);
			name = "crypto-wallet";
			productName = "crypto-wallet";
			productReference = 0736E121209C4F92002D8C4D /* crypto-wallet.app */;
			productType = "com.apple.product-type.application";
		};
		0736E139209C5D0E002D8C4D /* pay */ = {
			isa = PBXNativeTarget;
			buildConfigurationList = 0736E147209C5D0E002D8C4D /* Build configuration list for PBXNativeTarget "pay" */;
			buildPhases = (
				0736E136209C5D0E002D8C4D /* Sources */,
				0736E137209C5D0E002D8C4D /* Frameworks */,
				0736E138209C5D0E002D8C4D /* Resources */,
			);
			buildRules = (
			);
			dependencies = (
			);
			name = pay;
			productName = pay;
			productReference = 0736E13A209C5D0E002D8C4D /* pay.appex */;
			productType = "com.apple.product-type.app-extension";
		};
/* End PBXNativeTarget section */

/* Begin PBXProject section */
		0736E119209C4F92002D8C4D /* Project object */ = {
			isa = PBXProject;
			attributes = {
				LastSwiftUpdateCheck = 0930;
				LastUpgradeCheck = 0930;
				ORGANIZATIONNAME = "Eric De Sa";
				TargetAttributes = {
					0736E120209C4F92002D8C4D = {
						CreatedOnToolsVersion = 9.3;
					};
					0736E139209C5D0E002D8C4D = {
						CreatedOnToolsVersion = 9.3;
					};
				};
			};
			buildConfigurationList = 0736E11C209C4F92002D8C4D /* Build configuration list for PBXProject "crypto-wallet" */;
			compatibilityVersion = "Xcode 9.3";
			developmentRegion = en;
			hasScannedForEncodings = 0;
			knownRegions = (
				en,
				Base,
			);
			mainGroup = 0736E118209C4F92002D8C4D;
			productRefGroup = 0736E122209C4F92002D8C4D /* Products */;
			projectDirPath = "";
			projectRoot = "";
			targets = (
				0736E120209C4F92002D8C4D /* crypto-wallet */,
				0736E139209C5D0E002D8C4D /* pay */,
			);
		};
/* End PBXProject section */

/* Begin PBXResourcesBuildPhase section */
		0736E11F209C4F92002D8C4D /* Resources */ = {
			isa = PBXResourcesBuildPhase;
			buildActionMask = 2147483647;
			files = (
				0736E12F209C4F94002D8C4D /* LaunchScreen.storyboard in Resources */,
				0736E12C209C4F94002D8C4D /* Assets.xcassets in Resources */,
				0736E12A209C4F92002D8C4D /* Main.storyboard in Resources */,
			);
			runOnlyForDeploymentPostprocessing = 0;
		};
		0736E138209C5D0E002D8C4D /* Resources */ = {
			isa = PBXResourcesBuildPhase;
			buildActionMask = 2147483647;
			files = (
				0736E140209C5D0E002D8C4D /* MainInterface.storyboard in Resources */,
			);
			runOnlyForDeploymentPostprocessing = 0;
		};
/* End PBXResourcesBuildPhase section */

/* Begin PBXShellScriptBuildPhase section */
		92552D2C15B4CC226B59B0B1 /* [CP] Check Pods Manifest.lock */ = {
			isa = PBXShellScriptBuildPhase;
			buildActionMask = 2147483647;
			files = (
			);
			inputPaths = (
				"${PODS_PODFILE_DIR_PATH}/Podfile.lock",
				"${PODS_ROOT}/Manifest.lock",
			);
			name = "[CP] Check Pods Manifest.lock";
			outputPaths = (
				"$(DERIVED_FILE_DIR)/Pods-crypto-wallet-checkManifestLockResult.txt",
			);
			runOnlyForDeploymentPostprocessing = 0;
			shellPath = /bin/sh;
			shellScript = "diff \"${PODS_PODFILE_DIR_PATH}/Podfile.lock\" \"${PODS_ROOT}/Manifest.lock\" > /dev/null\nif [ $? != 0 ] ; then\n    # print error to STDERR\n    echo \"error: The sandbox is not in sync with the Podfile.lock. Run 'pod install' or update your CocoaPods installation.\" >&2\n    exit 1\nfi\n# This output is used by Xcode 'outputs' to avoid re-running this script phase.\necho \"SUCCESS\" > \"${SCRIPT_OUTPUT_FILE_0}\"\n";
			showEnvVarsInLog = 0;
		};
/* End PBXShellScriptBuildPhase section */

/* Begin PBXSourcesBuildPhase section */
		0736E11D209C4F92002D8C4D /* Sources */ = {
			isa = PBXSourcesBuildPhase;
			buildActionMask = 2147483647;
			files = (
				0736E127209C4F92002D8C4D /* ViewController.swift in Sources */,
				0736E125209C4F92002D8C4D /* AppDelegate.swift in Sources */,
			);
			runOnlyForDeploymentPostprocessing = 0;
		};
		0736E136209C5D0E002D8C4D /* Sources */ = {
			isa = PBXSourcesBuildPhase;
			buildActionMask = 2147483647;
			files = (
				0736E13D209C5D0E002D8C4D /* ActionViewController.swift in Sources */,
			);
			runOnlyForDeploymentPostprocessing = 0;
		};
/* End PBXSourcesBuildPhase section */

/* Begin PBXTargetDependency section */
		0736E143209C5D0E002D8C4D /* PBXTargetDependency */ = {
			isa = PBXTargetDependency;
			target = 0736E139209C5D0E002D8C4D /* pay */;
			targetProxy = 0736E142209C5D0E002D8C4D /* PBXContainerItemProxy */;
		};
/* End PBXTargetDependency section */

/* Begin PBXVariantGroup section */
		0736E128209C4F92002D8C4D /* Main.storyboard */ = {
			isa = PBXVariantGroup;
			children = (
				0736E129209C4F92002D8C4D /* Base */,
			);
			name = Main.storyboard;
			sourceTree = "<group>";
		};
		0736E12D209C4F94002D8C4D /* LaunchScreen.storyboard */ = {
			isa = PBXVariantGroup;
			children = (
				0736E12E209C4F94002D8C4D /* Base */,
			);
			name = LaunchScreen.storyboard;
			sourceTree = "<group>";
		};
		0736E13E209C5D0E002D8C4D /* MainInterface.storyboard */ = {
			isa = PBXVariantGroup;
			children = (
				0736E13F209C5D0E002D8C4D /* Base */,
			);
			name = MainInterface.storyboard;
			sourceTree = "<group>";
		};
/* End PBXVariantGroup section */

/* Begin XCBuildConfiguration section */
		0736E131209C4F94002D8C4D /* Debug */ = {
			isa = XCBuildConfiguration;
			buildSettings = {
				ALWAYS_SEARCH_USER_PATHS = NO;
				CLANG_ANALYZER_NONNULL = YES;
				CLANG_ANALYZER_NUMBER_OBJECT_CONVERSION = YES_AGGRESSIVE;
				CLANG_CXX_LANGUAGE_STANDARD = "gnu++14";
				CLANG_CXX_LIBRARY = "libc++";
				CLANG_ENABLE_MODULES = YES;
				CLANG_ENABLE_OBJC_ARC = YES;
				CLANG_ENABLE_OBJC_WEAK = YES;
				CLANG_WARN_BLOCK_CAPTURE_AUTORELEASING = YES;
				CLANG_WARN_BOOL_CONVERSION = YES;
				CLANG_WARN_COMMA = YES;
				CLANG_WARN_CONSTANT_CONVERSION = YES;
				CLANG_WARN_DEPRECATED_OBJC_IMPLEMENTATIONS = YES;
				CLANG_WARN_DIRECT_OBJC_ISA_USAGE = YES_ERROR;
				CLANG_WARN_DOCUMENTATION_COMMENTS = YES;
				CLANG_WARN_EMPTY_BODY = YES;
				CLANG_WARN_ENUM_CONVERSION = YES;
				CLANG_WARN_INFINITE_RECURSION = YES;
				CLANG_WARN_INT_CONVERSION = YES;
				CLANG_WARN_NON_LITERAL_NULL_CONVERSION = YES;
				CLANG_WARN_OBJC_IMPLICIT_RETAIN_SELF = YES;
				CLANG_WARN_OBJC_LITERAL_CONVERSION = YES;
				CLANG_WARN_OBJC_ROOT_CLASS = YES_ERROR;
				CLANG_WARN_RANGE_LOOP_ANALYSIS = YES;
				CLANG_WARN_STRICT_PROTOTYPES = YES;
				CLANG_WARN_SUSPICIOUS_MOVE = YES;
				CLANG_WARN_UNGUARDED_AVAILABILITY = YES_AGGRESSIVE;
				CLANG_WARN_UNREACHABLE_CODE = YES;
				CLANG_WARN__DUPLICATE_METHOD_MATCH = YES;
				CODE_SIGN_IDENTITY = "iPhone Developer";
				COPY_PHASE_STRIP = NO;
				DEBUG_INFORMATION_FORMAT = dwarf;
				ENABLE_STRICT_OBJC_MSGSEND = YES;
				ENABLE_TESTABILITY = YES;
				GCC_C_LANGUAGE_STANDARD = gnu11;
				GCC_DYNAMIC_NO_PIC = NO;
				GCC_NO_COMMON_BLOCKS = YES;
				GCC_OPTIMIZATION_LEVEL = 0;
				GCC_PREPROCESSOR_DEFINITIONS = (
					"DEBUG=1",
					"$(inherited)",
				);
				GCC_WARN_64_TO_32_BIT_CONVERSION = YES;
				GCC_WARN_ABOUT_RETURN_TYPE = YES_ERROR;
				GCC_WARN_UNDECLARED_SELECTOR = YES;
				GCC_WARN_UNINITIALIZED_AUTOS = YES_AGGRESSIVE;
				GCC_WARN_UNUSED_FUNCTION = YES;
				GCC_WARN_UNUSED_VARIABLE = YES;
				IPHONEOS_DEPLOYMENT_TARGET = 11.3;
				MTL_ENABLE_DEBUG_INFO = YES;
				ONLY_ACTIVE_ARCH = YES;
				SDKROOT = iphoneos;
				SWIFT_ACTIVE_COMPILATION_CONDITIONS = DEBUG;
				SWIFT_OPTIMIZATION_LEVEL = "-Onone";
			};
			name = Debug;
		};
		0736E132209C4F94002D8C4D /* Release */ = {
			isa = XCBuildConfiguration;
			buildSettings = {
				ALWAYS_SEARCH_USER_PATHS = NO;
				CLANG_ANALYZER_NONNULL = YES;
				CLANG_ANALYZER_NUMBER_OBJECT_CONVERSION = YES_AGGRESSIVE;
				CLANG_CXX_LANGUAGE_STANDARD = "gnu++14";
				CLANG_CXX_LIBRARY = "libc++";
				CLANG_ENABLE_MODULES = YES;
				CLANG_ENABLE_OBJC_ARC = YES;
				CLANG_ENABLE_OBJC_WEAK = YES;
				CLANG_WARN_BLOCK_CAPTURE_AUTORELEASING = YES;
				CLANG_WARN_BOOL_CONVERSION = YES;
				CLANG_WARN_COMMA = YES;
				CLANG_WARN_CONSTANT_CONVERSION = YES;
				CLANG_WARN_DEPRECATED_OBJC_IMPLEMENTATIONS = YES;
				CLANG_WARN_DIRECT_OBJC_ISA_USAGE = YES_ERROR;
				CLANG_WARN_DOCUMENTATION_COMMENTS = YES;
				CLANG_WARN_EMPTY_BODY = YES;
				CLANG_WARN_ENUM_CONVERSION = YES;
				CLANG_WARN_INFINITE_RECURSION = YES;
				CLANG_WARN_INT_CONVERSION = YES;
				CLANG_WARN_NON_LITERAL_NULL_CONVERSION = YES;
				CLANG_WARN_OBJC_IMPLICIT_RETAIN_SELF = YES;
				CLANG_WARN_OBJC_LITERAL_CONVERSION = YES;
				CLANG_WARN_OBJC_ROOT_CLASS = YES_ERROR;
				CLANG_WARN_RANGE_LOOP_ANALYSIS = YES;
				CLANG_WARN_STRICT_PROTOTYPES = YES;
				CLANG_WARN_SUSPICIOUS_MOVE = YES;
				CLANG_WARN_UNGUARDED_AVAILABILITY = YES_AGGRESSIVE;
				CLANG_WARN_UNREACHABLE_CODE = YES;
				CLANG_WARN__DUPLICATE_METHOD_MATCH = YES;
				CODE_SIGN_IDENTITY = "iPhone Developer";
				COPY_PHASE_STRIP = NO;
				DEBUG_INFORMATION_FORMAT = "dwarf-with-dsym";
				ENABLE_NS_ASSERTIONS = NO;
				ENABLE_STRICT_OBJC_MSGSEND = YES;
				GCC_C_LANGUAGE_STANDARD = gnu11;
				GCC_NO_COMMON_BLOCKS = YES;
				GCC_WARN_64_TO_32_BIT_CONVERSION = YES;
				GCC_WARN_ABOUT_RETURN_TYPE = YES_ERROR;
				GCC_WARN_UNDECLARED_SELECTOR = YES;
				GCC_WARN_UNINITIALIZED_AUTOS = YES_AGGRESSIVE;
				GCC_WARN_UNUSED_FUNCTION = YES;
				GCC_WARN_UNUSED_VARIABLE = YES;
				IPHONEOS_DEPLOYMENT_TARGET = 11.3;
				MTL_ENABLE_DEBUG_INFO = NO;
				SDKROOT = iphoneos;
				SWIFT_COMPILATION_MODE = wholemodule;
				SWIFT_OPTIMIZATION_LEVEL = "-O";
				VALIDATE_PRODUCT = YES;
			};
			name = Release;
		};
		0736E134209C4F94002D8C4D /* Debug */ = {
			isa = XCBuildConfiguration;
			baseConfigurationReference = B903EFBD8998E1B5F73C75B8 /* Pods-crypto-wallet.debug.xcconfig */;
			buildSettings = {
				ALWAYS_EMBED_SWIFT_STANDARD_LIBRARIES = YES;
				ASSETCATALOG_COMPILER_APPICON_NAME = AppIcon;
				CODE_SIGN_STYLE = Automatic;
				DEVELOPMENT_TEAM = 289WCM65HT;
				INFOPLIST_FILE = "crypto-wallet/Info.plist";
				LD_RUNPATH_SEARCH_PATHS = (
					"$(inherited)",
					"@executable_path/Frameworks",
				);
				PRODUCT_BUNDLE_IDENTIFIER = "fr.frianbiz.crypto-wallet.crypto-wallet";
				PRODUCT_NAME = "$(TARGET_NAME)";
				SWIFT_VERSION = 4.0;
				TARGETED_DEVICE_FAMILY = "1,2";
			};
			name = Debug;
		};
		0736E135209C4F94002D8C4D /* Release */ = {
			isa = XCBuildConfiguration;
			baseConfigurationReference = 0F2A94815322AABA9558EDE3 /* Pods-crypto-wallet.release.xcconfig */;
			buildSettings = {
				ALWAYS_EMBED_SWIFT_STANDARD_LIBRARIES = YES;
				ASSETCATALOG_COMPILER_APPICON_NAME = AppIcon;
				CODE_SIGN_STYLE = Automatic;
				DEVELOPMENT_TEAM = 289WCM65HT;
				INFOPLIST_FILE = "crypto-wallet/Info.plist";
				LD_RUNPATH_SEARCH_PATHS = (
					"$(inherited)",
					"@executable_path/Frameworks",
				);
				PRODUCT_BUNDLE_IDENTIFIER = "fr.frianbiz.crypto-wallet.crypto-wallet";
				PRODUCT_NAME = "$(TARGET_NAME)";
				SWIFT_VERSION = 4.0;
				TARGETED_DEVICE_FAMILY = "1,2";
			};
			name = Release;
		};
		0736E145209C5D0E002D8C4D /* Debug */ = {
			isa = XCBuildConfiguration;
			buildSettings = {
				CODE_SIGN_STYLE = Automatic;
				DEVELOPMENT_TEAM = 289WCM65HT;
				INFOPLIST_FILE = pay/Info.plist;
				LD_RUNPATH_SEARCH_PATHS = (
					"$(inherited)",
					"@executable_path/Frameworks",
					"@executable_path/../../Frameworks",
				);
				PRODUCT_BUNDLE_IDENTIFIER = "fr.frianbiz.crypto-wallet.crypto-wallet.pay";
				PRODUCT_NAME = "$(TARGET_NAME)";
				SKIP_INSTALL = YES;
				SWIFT_VERSION = 4.0;
				TARGETED_DEVICE_FAMILY = "1,2";
			};
			name = Debug;
		};
		0736E146209C5D0E002D8C4D /* Release */ = {
			isa = XCBuildConfiguration;
			buildSettings = {
				CODE_SIGN_STYLE = Automatic;
				DEVELOPMENT_TEAM = 289WCM65HT;
				INFOPLIST_FILE = pay/Info.plist;
				LD_RUNPATH_SEARCH_PATHS = (
					"$(inherited)",
					"@executable_path/Frameworks",
					"@executable_path/../../Frameworks",
				);
				PRODUCT_BUNDLE_IDENTIFIER = "fr.frianbiz.crypto-wallet.crypto-wallet.pay";
				PRODUCT_NAME = "$(TARGET_NAME)";
				SKIP_INSTALL = YES;
				SWIFT_VERSION = 4.0;
				TARGETED_DEVICE_FAMILY = "1,2";
			};
			name = Release;
		};
/* End XCBuildConfiguration section */

/* Begin XCConfigurationList section */
		0736E11C209C4F92002D8C4D /* Build configuration list for PBXProject "crypto-wallet" */ = {
			isa = XCConfigurationList;
			buildConfigurations = (
				0736E131209C4F94002D8C4D /* Debug */,
				0736E132209C4F94002D8C4D /* Release */,
			);
			defaultConfigurationIsVisible = 0;
			defaultConfigurationName = Release;
		};
		0736E133209C4F94002D8C4D /* Build configuration list for PBXNativeTarget "crypto-wallet" */ = {
			isa = XCConfigurationList;
			buildConfigurations = (
				0736E134209C4F94002D8C4D /* Debug */,
				0736E135209C4F94002D8C4D /* Release */,
			);
			defaultConfigurationIsVisible = 0;
			defaultConfigurationName = Release;
		};
		0736E147209C5D0E002D8C4D /* Build configuration list for PBXNativeTarget "pay" */ = {
			isa = XCConfigurationList;
			buildConfigurations = (
				0736E145209C5D0E002D8C4D /* Debug */,
				0736E146209C5D0E002D8C4D /* Release */,
			);
			defaultConfigurationIsVisible = 0;
			defaultConfigurationName = Release;
		};
/* End XCConfigurationList section */
	};
	rootObject = 0736E119209C4F92002D8C4D /* Project object */;
}
